<?xml version="1.0" encoding="UTF-8" standalone="yes" ?>
<CodeBlocks_project_file>
	<FileVersion major="1" minor="6" />
	<Project>
		<Option title="blockchain" />
		<Option pch_mode="2" />
		<Option compiler="gcc" />
		<Build>
			<Target title="Debug">
				<Option output="bin/Debug/blockchain" prefix_auto="1" extension_auto="1" />
				<Option object_output="obj/Debug/" />
				<Option type="1" />
				<Option compiler="gcc" />
				<Compiler>
					<Add option="-g" />
					<Add directory="sources/include" />
					<Add directory="sources/include/openssl" />
				</Compiler>
				<Linker>
					<Add library="ssl" />
					<Add library="crypto" />
					<Add directory="sources/lib" />
					<Add directory="sources/lib/openssl" />
				</Linker>
			</Target>
			<Target title="Release">
				<Option output="bin/Release/blockchain" prefix_auto="1" extension_auto="1" />
				<Option object_output="obj/Release/" />
				<Option type="1" />
				<Option compiler="gcc" />
				<Compiler>
					<Add option="-O2" />
				</Compiler>
				<Linker>
					<Add option="-s" />
				</Linker>
			</Target>
		</Build>
		<Compiler>
			<Add option="-Wall" />
			<Add option="-fexceptions" />
		</Compiler>
		<Unit filename="code/core/Block.hpp" />
		<Unit filename="code/core/Utils.cpp" />
		<Unit filename="code/core/Utils.hpp" />
		<Unit filename="main.cpp" />
		<Extensions />
	</Project>
</CodeBlocks_project_file>
